
Microsoft Visual Studio Solution File, Format Version 12.00
# Visual Studio Version 16
VisualStudioVersion = 16.0.31229.75
MinimumVisualStudioVersion = 10.0.40219.1
Project("{FAE04EC0-301F-11D3-BF4B-00C04F79EFBC}") = "AppAlmacenarEnAzure", "AppAlmacenarEnAzure\AppAlmacenarEnAzure.csproj", "{8CD2D27C-D525-427E-A47F-143C67156D0C}"
EndProject
Global
	GlobalSection(SolutionConfigurationPlatforms) = preSolution
		Debug|Any CPU = Debug|Any CPU
		Release|Any CPU = Release|Any CPU
	EndGlobalSection
	GlobalSection(ProjectConfigurationPlatforms) = postSolution
		{8CD2D27C-D525-427E-A47F-143C67156D0C}.Debug|Any CPU.ActiveCfg = Debug|Any CPU
		{8CD2D27C-D525-427E-A47F-143C67156D0C}.Debug|Any CPU.Build.0 = Debug|Any CPU
		{8CD2D27C-D525-427E-A47F-143C67156D0C}.Debug|Any CPU.Deploy.0 = Debug|Any CPU
		{8CD2D27C-D525-427E-A47F-143C67156D0C}.Release|Any CPU.ActiveCfg = Release|Any CPU
		{8CD2D27C-D525-427E-A47F-143C67156D0C}.Release|Any CPU.Build.0 = Release|Any CPU
		{8CD2D27C-D525-427E-A47F-143C67156D0C}.Release|Any CPU.Deploy.0 = Release|Any CPU
	EndGlobalSection
	GlobalSection(SolutionProperties) = preSolution
		HideSolutionNode = FALSE
	EndGlobalSection
	GlobalSection(ExtensibilityGlobals) = postSolution
		SolutionGuid = {D0D7E22B-9567-413C-A964-53010D9EEE2E}
	EndGlobalSection
EndGlobal
